version = 1
revision = 3
requires-python = ">=3.13"

[[package]]
name = "canvas-lms-etl-pipeline"
version = "0.1.0"
source = { virtual = "." }
dependencies = [
    { name = "datetime" },
]

[package.metadata]
requires-dist = [{ name = "datetime", specifier = ">=6.0" }]

[[package]]
name = "datetime"
version = "6.0"
source = { registry = "https://pypi.org/simple" }
dependencies = [
    { name = "pytz" },
    { name = "zope-interface" },
]
sdist = { url = "https://files.pythonhosted.org/packages/77/32/decbfd165e9985ba9d8c2d34a39afe5aeba2fc3fe390eb6e9ef1aab98fa8/datetime-6.0.tar.gz", hash = "sha256:c1514936d2f901e10c8e08d83bf04e6c9dbd7ca4f244da94fec980980a3bc4d5", size = 64167, upload-time = "2025-11-25T08:00:34.586Z" }
wheels = [
    { url = "https://files.pythonhosted.org/packages/cf/7a/ea0f3e3ea74be36fc7cf54f966cde732a3de72697983cdb5646b0a4dacde/datetime-6.0-py3-none-any.whl", hash = "sha256:d19988f0657a4e72c9438344157254a8dcad6aea8cd5ae70a5d1b5a75e5dc930", size = 52637, upload-time = "2025-11-25T08:00:33.077Z" },
]

[[package]]
name = "pytz"
version = "2025.2"
source = { registry = "https://pypi.org/simple" }
sdist = { url = "https://files.pythonhosted.org/packages/f8/bf/abbd3cdfb8fbc7fb3d4d38d320f2441b1e7cbe29be4f23797b4a2b5d8aac/pytz-2025.2.tar.gz", hash = "sha256:360b9e3dbb49a209c21ad61809c7fb453643e048b38924c765813546746e81c3", size = 320884, upload-time = "2025-03-25T02:25:00.538Z" }
wheels = [
    { url = "https://files.pythonhosted.org/packages/81/c4/34e93fe5f5429d7570ec1fa436f1986fb1f00c3e0f43a589fe2bbcd22c3f/pytz-2025.2-py2.py3-none-any.whl", hash = "sha256:5ddf76296dd8c44c26eb8f4b6f35488f3ccbf6fbbd7adee0b7262d43f0ec2f00", size = 509225, upload-time = "2025-03-25T02:24:58.468Z" },
]

[[package]]
name = "zope-interface"
version = "8.2"
source = { registry = "https://pypi.org/simple" }
sdist = { url = "https://files.pythonhosted.org/packages/86/a4/77daa5ba398996d16bb43fc721599d27d03eae68fe3c799de1963c72e228/zope_interface-8.2.tar.gz", hash = "sha256:afb20c371a601d261b4f6edb53c3c418c249db1a9717b0baafc9a9bb39ba1224", size = 254019, upload-time = "2026-01-09T07:51:07.253Z" }
wheels = [
    { url = "https://files.pythonhosted.org/packages/66/47/45188fb101fa060b20e6090e500682398ab415e516a0c228fbb22bc7def2/zope_interface-8.2-cp313-cp313-macosx_10_9_x86_64.whl", hash = "sha256:6068322004a0158c80dfd4708dfb103a899635408c67c3b10e9acec4dbacefec", size = 209170, upload-time = "2026-01-09T08:05:26.616Z" },
    { url = "https://files.pythonhosted.org/packages/09/03/f6b9336c03c2b48403c4eb73a1ec961d94dc2fb5354c583dfb5fa05fd41f/zope_interface-8.2-cp313-cp313-macosx_11_0_arm64.whl", hash = "sha256:2499de92e8275d0dd68f84425b3e19e9268cd1fa8507997900fa4175f157733c", size = 209229, upload-time = "2026-01-09T08:05:28.521Z" },
    { url = "https://files.pythonhosted.org/packages/07/b1/65fe1dca708569f302ade02e6cdca309eab6752bc9f80105514f5b708651/zope_interface-8.2-cp313-cp313-manylinux1_i686.manylinux2014_i686.manylinux_2_17_i686.manylinux_2_5_i686.whl", hash = "sha256:f777e68c76208503609c83ca021a6864902b646530a1a39abb9ed310d1100664", size = 259393, upload-time = "2026-01-09T08:05:29.897Z" },
    { url = "https://files.pythonhosted.org/packages/eb/a5/97b49cfceb6ed53d3dcfb3f3ebf24d83b5553194f0337fbbb3a9fec6cf78/zope_interface-8.2-cp313-cp313-manylinux1_x86_64.manylinux2014_x86_64.manylinux_2_17_x86_64.manylinux_2_5_x86_64.whl", hash = "sha256:9b05a919fdb0ed6ea942e5a7800e09a8b6cdae6f98fee1bef1c9d1a3fc43aaa0", size = 264863, upload-time = "2026-01-09T08:05:31.501Z" },
    { url = "https://files.pythonhosted.org/packages/cb/02/0b7a77292810efe3a0586a505b077ebafd5114e10c6e6e659f0c8e387e1f/zope_interface-8.2-cp313-cp313-manylinux2014_aarch64.manylinux_2_17_aarch64.whl", hash = "sha256:ccc62b5712dd7bd64cfba3ee63089fb11e840f5914b990033beeae3b2180b6cb", size = 264369, upload-time = "2026-01-09T08:05:32.941Z" },
    { url = "https://files.pythonhosted.org/packages/fb/1d/0d1ff3846302ed1b5bbf659316d8084b30106770a5f346b7ff4e9f540f80/zope_interface-8.2-cp313-cp313-win_amd64.whl", hash = "sha256:34f877d1d3bb7565c494ed93828fa6417641ca26faf6e8f044e0d0d500807028", size = 212447, upload-time = "2026-01-09T08:05:35.064Z" },
    { url = "https://files.pythonhosted.org/packages/1a/da/3c89de3917751446728b8898b4d53318bc2f8f6bf8196e150a063c59905e/zope_interface-8.2-cp314-cp314-macosx_10_9_x86_64.whl", hash = "sha256:46c7e4e8cbc698398a67e56ca985d19cb92365b4aafbeb6a712e8c101090f4cb", size = 209223, upload-time = "2026-01-09T08:05:36.449Z" },
    { url = "https://files.pythonhosted.org/packages/00/7f/62d00ec53f0a6e5df0c984781e6f3999ed265129c4c3413df8128d1e0207/zope_interface-8.2-cp314-cp314-macosx_11_0_arm64.whl", hash = "sha256:a87fc7517f825a97ff4a4ca4c8a950593c59e0f8e7bfe1b6f898a38d5ba9f9cf", size = 209366, upload-time = "2026-01-09T08:05:38.197Z" },
    { url = "https://files.pythonhosted.org/packages/ef/a2/f241986315174be8e00aabecfc2153cf8029c1327cab8ed53a9d979d7e08/zope_interface-8.2-cp314-cp314-manylinux1_i686.manylinux2014_i686.manylinux_2_17_i686.manylinux_2_5_i686.whl", hash = "sha256:ccf52f7d44d669203c2096c1a0c2c15d52e36b2e7a9413df50f48392c7d4d080", size = 261037, upload-time = "2026-01-09T08:05:39.568Z" },
    { url = "https://files.pythonhosted.org/packages/02/cc/b321c51d6936ede296a1b8860cf173bee2928357fe1fff7f97234899173f/zope_interface-8.2-cp314-cp314-manylinux1_x86_64.manylinux2014_x86_64.manylinux_2_17_x86_64.manylinux_2_5_x86_64.whl", hash = "sha256:aae807efc7bd26302eb2fea05cd6de7d59269ed6ae23a6de1ee47add6de99b8c", size = 264219, upload-time = "2026-01-09T08:05:41.624Z" },
    { url = "https://files.pythonhosted.org/packages/ab/fb/5f5e7b40a2f4efd873fe173624795ca47eaa22e29051270c981361b45209/zope_interface-8.2-cp314-cp314-manylinux2014_aarch64.manylinux_2_17_aarch64.whl", hash = "sha256:05a0e42d6d830f547e114de2e7cd15750dc6c0c78f8138e6c5035e51ddfff37c", size = 264390, upload-time = "2026-01-09T08:05:42.936Z" },
    { url = "https://files.pythonhosted.org/packages/f9/82/3f2bc594370bc3abd58e5f9085d263bf682a222f059ed46275cde0570810/zope_interface-8.2-cp314-cp314-win_amd64.whl", hash = "sha256:561ce42390bee90bae51cf1c012902a8033b2aaefbd0deed81e877562a116d48", size = 212585, upload-time = "2026-01-09T08:05:44.419Z" },
]
